
Microsoft Visual Studio Solution File, Format Version 12.00
# Visual Studio Version 16
VisualStudioVersion = 16.0.32630.194
MinimumVisualStudioVersion = 10.0.40219.1
Project("{9A19103F-16F7-4668-BE54-9A1E7A4F7556}") = "Asp.NetCore5.0_Dynamic_Blog_Project", "Asp.NetCore5.0_Dynamic_Blog_Project\Asp.NetCore5.0_Dynamic_Blog_Project.csproj", "{97D884D9-561B-4D52-B4C2-171F3DCCA74B}"
EndProject
Project("{9A19103F-16F7-4668-BE54-9A1E7A4F7556}") = "EntityLayer", "EntityLayer\EntityLayer.csproj", "{37A997E6-665B-426B-B859-2133F6BB3600}"
EndProject
Project("{9A19103F-16F7-4668-BE54-9A1E7A4F7556}") = "DataAccessLayer", "DataAccessLayer\DataAccessLayer.csproj", "{C7CB2BA0-12B7-43A9-8278-735CC75B9BAF}"
EndProject
Project("{9A19103F-16F7-4668-BE54-9A1E7A4F7556}") = "BusinessLayer", "BusinessLayer\BusinessLayer.csproj", "{98899F02-FA0B-4BFD-B71A-3B8182CDE6D6}"
EndProject
Project("{9A19103F-16F7-4668-BE54-9A1E7A4F7556}") = "CoreLayer", "CoreLayer\CoreLayer.csproj", "{AFAA4221-B23D-4F13-B6C9-42C7DAE0F074}"
EndProject
Project("{9A19103F-16F7-4668-BE54-9A1E7A4F7556}") = "BlogApiDemo", "BlogApiDemo\BlogApiDemo.csproj", "{7E6007F8-9767-49CC-90D8-813ACD0BDF87}"
EndProject
Project("{FAE04EC0-301F-11D3-BF4B-00C04F79EFBC}") = "JWT_BlogProject", "JWT_BlogProject\JWT_BlogProject.csproj", "{E2DA1D35-D7D1-4DE0-9877-B4F6B6A4F2D0}"
EndProject
Global
	GlobalSection(SolutionConfigurationPlatforms) = preSolution
		Debug|Any CPU = Debug|Any CPU
		Release|Any CPU = Release|Any CPU
	EndGlobalSection
	GlobalSection(ProjectConfigurationPlatforms) = postSolution
		{97D884D9-561B-4D52-B4C2-171F3DCCA74B}.Debug|Any CPU.ActiveCfg = Debug|Any CPU
		{97D884D9-561B-4D52-B4C2-171F3DCCA74B}.Debug|Any CPU.Build.0 = Debug|Any CPU
		{97D884D9-561B-4D52-B4C2-171F3DCCA74B}.Release|Any CPU.ActiveCfg = Release|Any CPU
		{97D884D9-561B-4D52-B4C2-171F3DCCA74B}.Release|Any CPU.Build.0 = Release|Any CPU
		{37A997E6-665B-426B-B859-2133F6BB3600}.Debug|Any CPU.ActiveCfg = Debug|Any CPU
		{37A997E6-665B-426B-B859-2133F6BB3600}.Debug|Any CPU.Build.0 = Debug|Any CPU
		{37A997E6-665B-426B-B859-2133F6BB3600}.Release|Any CPU.ActiveCfg = Release|Any CPU
		{37A997E6-665B-426B-B859-2133F6BB3600}.Release|Any CPU.Build.0 = Release|Any CPU
		{C7CB2BA0-12B7-43A9-8278-735CC75B9BAF}.Debug|Any CPU.ActiveCfg = Debug|Any CPU
		{C7CB2BA0-12B7-43A9-8278-735CC75B9BAF}.Debug|Any CPU.Build.0 = Debug|Any CPU
		{C7CB2BA0-12B7-43A9-8278-735CC75B9BAF}.Release|Any CPU.ActiveCfg = Release|Any CPU
		{C7CB2BA0-12B7-43A9-8278-735CC75B9BAF}.Release|Any CPU.Build.0 = Release|Any CPU
		{98899F02-FA0B-4BFD-B71A-3B8182CDE6D6}.Debug|Any CPU.ActiveCfg = Debug|Any CPU
		{98899F02-FA0B-4BFD-B71A-3B8182CDE6D6}.Debug|Any CPU.Build.0 = Debug|Any CPU
		{98899F02-FA0B-4BFD-B71A-3B8182CDE6D6}.Release|Any CPU.ActiveCfg = Release|Any CPU
		{98899F02-FA0B-4BFD-B71A-3B8182CDE6D6}.Release|Any CPU.Build.0 = Release|Any CPU
		{AFAA4221-B23D-4F13-B6C9-42C7DAE0F074}.Debug|Any CPU.ActiveCfg = Debug|Any CPU
		{AFAA4221-B23D-4F13-B6C9-42C7DAE0F074}.Debug|Any CPU.Build.0 = Debug|Any CPU
		{AFAA4221-B23D-4F13-B6C9-42C7DAE0F074}.Release|Any CPU.ActiveCfg = Release|Any CPU
		{AFAA4221-B23D-4F13-B6C9-42C7DAE0F074}.Release|Any CPU.Build.0 = Release|Any CPU
		{7E6007F8-9767-49CC-90D8-813ACD0BDF87}.Debug|Any CPU.ActiveCfg = Debug|Any CPU
		{7E6007F8-9767-49CC-90D8-813ACD0BDF87}.Debug|Any CPU.Build.0 = Debug|Any CPU
		{7E6007F8-9767-49CC-90D8-813ACD0BDF87}.Release|Any CPU.ActiveCfg = Release|Any CPU
		{7E6007F8-9767-49CC-90D8-813ACD0BDF87}.Release|Any CPU.Build.0 = Release|Any CPU
		{E2DA1D35-D7D1-4DE0-9877-B4F6B6A4F2D0}.Debug|Any CPU.ActiveCfg = Debug|Any CPU
		{E2DA1D35-D7D1-4DE0-9877-B4F6B6A4F2D0}.Debug|Any CPU.Build.0 = Debug|Any CPU
		{E2DA1D35-D7D1-4DE0-9877-B4F6B6A4F2D0}.Release|Any CPU.ActiveCfg = Release|Any CPU
		{E2DA1D35-D7D1-4DE0-9877-B4F6B6A4F2D0}.Release|Any CPU.Build.0 = Release|Any CPU
	EndGlobalSection
	GlobalSection(SolutionProperties) = preSolution
		HideSolutionNode = FALSE
	EndGlobalSection
	GlobalSection(ExtensibilityGlobals) = postSolution
		SolutionGuid = {9D868DB7-772E-499C-87CC-0D21963D1495}
	EndGlobalSection
EndGlobal
