
Microsoft Visual Studio Solution File, Format Version 12.00
# Visual Studio Version 16
VisualStudioVersion = 16.0.32630.194
MinimumVisualStudioVersion = 10.0.40219.1
Project("{FAE04EC0-301F-11D3-BF4B-00C04F79EFBC}") = "Asp.NetCore5.0_Dynamic_Blog_Project", "Asp.NetCore5.0_Dynamic_Blog_Project\Asp.NetCore5.0_Dynamic_Blog_Project.csproj", "{97D884D9-561B-4D52-B4C2-171F3DCCA74B}"
EndProject
Global
	GlobalSection(SolutionConfigurationPlatforms) = preSolution
		Debug|Any CPU = Debug|Any CPU
		Release|Any CPU = Release|Any CPU
	EndGlobalSection
	GlobalSection(ProjectConfigurationPlatforms) = postSolution
		{97D884D9-561B-4D52-B4C2-171F3DCCA74B}.Debug|Any CPU.ActiveCfg = Debug|Any CPU
		{97D884D9-561B-4D52-B4C2-171F3DCCA74B}.Debug|Any CPU.Build.0 = Debug|Any CPU
		{97D884D9-561B-4D52-B4C2-171F3DCCA74B}.Release|Any CPU.ActiveCfg = Release|Any CPU
		{97D884D9-561B-4D52-B4C2-171F3DCCA74B}.Release|Any CPU.Build.0 = Release|Any CPU
	EndGlobalSection
	GlobalSection(SolutionProperties) = preSolution
		HideSolutionNode = FALSE
	EndGlobalSection
	GlobalSection(ExtensibilityGlobals) = postSolution
		SolutionGuid = {9D868DB7-772E-499C-87CC-0D21963D1495}
	EndGlobalSection
EndGlobal
